hash: 0b6adbfa1fe8580f91309b2e4d25283b49850ca4016d526f92ce63a6431c2b0f
updated: 2018-11-09T21:35:37.629631-05:00
imports:
- name: cloud.google.com/go
  version: 193e596dec49639d9e0426074676ab1e59201b3d
  subpackages:
  - compute/metadata
  - iam
  - internal
  - internal/optional
  - internal/trace
  - internal/version
  - storage
- name: github.com/golang/protobuf
  version: 951a149f90371fb8858c6c979d03bb2583611052
  subpackages:
  - proto
  - protoc-gen-go/descriptor
  - ptypes
  - ptypes/any
  - ptypes/duration
  - ptypes/timestamp
- name: github.com/googleapis/gax-go
  version: 8db5159865b7903a83c69736f0602bd361cb7f11
- name: github.com/hpcloud/tail
  version: a30252cb686a21eb2d0b98132633053ec2f7f1e5
- name: github.com/husobee/vestigo
  version: f8f5b5dc2bd74408887fd4b462055e324c4cbd63
- name: github.com/konsorten/go-windows-terminal-sequences
  version: 5c8c8bd35d3832f5d134ae1e1e375b69a4d25242
- name: github.com/onsi/ginkgo
  version: 3774a09d95489ccaa16032e0770d08ea77ba6184
- name: github.com/onsi/gomega
  version: 7615b9433f86a8bdf29709bf288bc4fd0636a369
- name: github.com/sirupsen/logrus
  version: bcd833dfe83d3cebad139e4a29ed79cb2318bf95
- name: go.opencensus.io
  version: 94fd1d08391b28f9c9f721b2a67fcf57bfd0a70e
  subpackages:
  - exemplar
  - internal
  - internal/tagencoding
  - plugin/ochttp
  - plugin/ochttp/propagation/b3
  - stats
  - stats/internal
  - stats/view
  - tag
  - trace
  - trace/internal
  - trace/propagation
  - trace/tracestate
- name: go4.org
  version: 00e24f1b25994999399dee600cb8f35a45f519dc
  subpackages:
  - syncutil/singleflight
- name: golang.org/x/build
  version: ae660eafc4544b4ed4a7c10c1b09fb7d411983b6
  subpackages:
  - autocertcache
- name: golang.org/x/crypto
  version: 13931e22f9e72ea58bb73048bc752b48c6d4d4ac
  subpackages:
  - acme
  - acme/autocert
  - ssh/terminal
- name: golang.org/x/net
  version: 5ccada7d0a7ba9aeb5d3aca8d3501b4c2a509fec
  subpackages:
  - bpf
  - context
  - context/ctxhttp
  - dns/dnsmessage
  - html
  - html/atom
  - html/charset
  - http/httpproxy
  - http2
  - http2/hpack
  - icmp
  - idna
  - internal/iana
  - internal/nettest
  - internal/socket
  - internal/timeseries
  - ipv4
  - ipv6
  - lex/httplex
  - trace
  - webdav/internal/xml
  - websocket
- name: golang.org/x/oauth2
  version: f42d05182288abf10faef86d16c0d07b8d40ea2d
  subpackages:
  - google
  - internal
  - jws
  - jwt
- name: golang.org/x/sys
  version: bb9c189858d91f42db229b04d45a4c3d23a7662a
  subpackages:
  - unix
  - windows
- name: golang.org/x/text
  version: f21a4dfb5e38f5895301dc265a8def02365cc3d0
  subpackages:
  - cases
  - cmd/gotext/examples/extract_http/pkg
  - collate
  - collate/build
  - currency
  - encoding
  - encoding/charmap
  - encoding/htmlindex
  - encoding/ianaindex
  - encoding/internal
  - encoding/internal/enctest
  - encoding/internal/identifier
  - encoding/japanese
  - encoding/korean
  - encoding/simplifiedchinese
  - encoding/traditionalchinese
  - encoding/unicode
  - feature/plural
  - internal
  - internal/catmsg
  - internal/cldrtree
  - internal/colltab
  - internal/export/idna
  - internal/format
  - internal/gen
  - internal/number
  - internal/stringset
  - internal/tag
  - internal/testtext
  - internal/triegen
  - internal/ucd
  - internal/utf8internal
  - language
  - language/display
  - message
  - message/catalog
  - message/pipeline
  - number
  - runes
  - secure/bidirule
  - transform
  - unicode/bidi
  - unicode/cldr
  - unicode/norm
  - unicode/rangetable
  - unicode/runenames
  - width
- name: golang.org/x/tools
  version: 92d8274bd7b8a4c65f24bafe401a029e58392704
  subpackages:
  - go/ast/astutil
  - go/buildutil
  - go/callgraph
  - go/callgraph/cha
  - go/gcexportdata
  - go/internal/cgo
  - go/internal/gcimporter
  - go/loader
  - go/packages
  - go/ssa
  - go/ssa/ssautil
  - go/types/typeutil
  - internal/fastwalk
  - internal/gopathwalk
  - internal/semver
- name: google.golang.org/api
  version: cfbc873f6b93790282bed8e31e7f7df417caee1b
  subpackages:
  - compute/v1
  - gensupport
  - googleapi
  - googleapi/internal/uritemplates
  - googleapi/transport
  - internal
  - iterator
  - option
  - storage/v1
  - transport/http
  - transport/http/internal/propagation
- name: google.golang.org/appengine
  version: 4a4468ece617fc8205e99368fa2200e9d1fad421
  subpackages:
  - internal
  - internal/app_identity
  - internal/base
  - internal/datastore
  - internal/log
  - internal/modules
  - internal/remote_api
  - internal/urlfetch
  - urlfetch
- name: google.golang.org/genproto
  version: b5d43981345bdb2c233eb4bf3277847b48c6fdc6
  subpackages:
  - googleapis/api/annotations
  - googleapis/iam/v1
  - googleapis/rpc/code
  - googleapis/rpc/status
- name: google.golang.org/grpc
  version: eb55fa50e6c987e6b847fc13381d10f8bf9ab5db
  subpackages:
  - balancer
  - balancer/base
  - balancer/roundrobin
  - binarylog/grpc_binarylog_v1
  - codes
  - connectivity
  - credentials
  - encoding
  - encoding/proto
  - grpclog
  - internal
  - internal/backoff
  - internal/binarylog
  - internal/channelz
  - internal/envconfig
  - internal/grpcrand
  - internal/grpcsync
  - internal/syscall
  - internal/transport
  - keepalive
  - metadata
  - naming
  - peer
  - resolver
  - resolver/dns
  - resolver/passthrough
  - stats
  - status
  - tap
- name: gopkg.in/yaml.v2
  version: 5420a8b6744d3b0345ab293f6fcba19c978f1183
testImports: []
